// !$*UTF8*$!
{
	archiveVersion = 1;
	classes = {
	};
	objectVersion = 55;
	objects = {

/* Begin PBXBuildFile section */
		427AD9F9279FCFDB0052AD3E /* Roboto in Resources */ = {isa = PBXBuildFile; fileRef = 427AD9F8279FCFDB0052AD3E /* Roboto */; };
		427AD9FB279FCFE40052AD3E /* Nunito in Resources */ = {isa = PBXBuildFile; fileRef = 427AD9FA279FCFE40052AD3E /* Nunito */; };
		427ADA0127ACA8680052AD3E /* RecordsView.swift in Sources */ = {isa = PBXBuildFile; fileRef = 427ADA0027ACA8680052AD3E /* RecordsView.swift */; };
		427ADA0327ACA9D60052AD3E /* ProfileView.swift in Sources */ = {isa = PBXBuildFile; fileRef = 427ADA0227ACA9D60052AD3E /* ProfileView.swift */; };
		427ADA0527ADB09E0052AD3E /* ImagePicker.swift in Sources */ = {isa = PBXBuildFile; fileRef = 427ADA0427ADB09E0052AD3E /* ImagePicker.swift */; };
		427F59CF2794996D00415E07 /* GymAiApp.swift in Sources */ = {isa = PBXBuildFile; fileRef = 427F59CE2794996D00415E07 /* GymAiApp.swift */; };
		427F59D12794996D00415E07 /* ContentView.swift in Sources */ = {isa = PBXBuildFile; fileRef = 427F59D02794996D00415E07 /* ContentView.swift */; };
		427F59D32794996E00415E07 /* Assets.xcassets in Resources */ = {isa = PBXBuildFile; fileRef = 427F59D22794996E00415E07 /* Assets.xcassets */; };
		427F59D62794996E00415E07 /* Preview Assets.xcassets in Resources */ = {isa = PBXBuildFile; fileRef = 427F59D52794996E00415E07 /* Preview Assets.xcassets */; };
		427F59E02794996F00415E07 /* GymAiTests.swift in Sources */ = {isa = PBXBuildFile; fileRef = 427F59DF2794996F00415E07 /* GymAiTests.swift */; };
		427F59EA2794996F00415E07 /* GymAiUITests.swift in Sources */ = {isa = PBXBuildFile; fileRef = 427F59E92794996F00415E07 /* GymAiUITests.swift */; };
		427F59EC2794996F00415E07 /* GymAiUITestsLaunchTests.swift in Sources */ = {isa = PBXBuildFile; fileRef = 427F59EB2794996F00415E07 /* GymAiUITestsLaunchTests.swift */; };
		427F59F02794996F00415E07 /* GymAi WatchKit App.app in Embed Watch Content */ = {isa = PBXBuildFile; fileRef = 427F59EF2794996F00415E07 /* GymAi WatchKit App.app */; settings = {ATTRIBUTES = (RemoveHeadersOnCopy, ); }; };
		427F59F52794997000415E07 /* Assets.xcassets in Resources */ = {isa = PBXBuildFile; fileRef = 427F59F42794997000415E07 /* Assets.xcassets */; };
		427F59FB2794997100415E07 /* GymAi WatchKit Extension.appex in Embed App Extensions */ = {isa = PBXBuildFile; fileRef = 427F59FA2794997100415E07 /* GymAi WatchKit Extension.appex */; settings = {ATTRIBUTES = (RemoveHeadersOnCopy, ); }; };
		427F5A002794997100415E07 /* GymAiApp.swift in Sources */ = {isa = PBXBuildFile; fileRef = 427F59FF2794997100415E07 /* GymAiApp.swift */; };
		427F5A022794997100415E07 /* ContentView.swift in Sources */ = {isa = PBXBuildFile; fileRef = 427F5A012794997100415E07 /* ContentView.swift */; };
		427F5A042794997100415E07 /* NotificationController.swift in Sources */ = {isa = PBXBuildFile; fileRef = 427F5A032794997100415E07 /* NotificationController.swift */; };
		427F5A062794997100415E07 /* NotificationView.swift in Sources */ = {isa = PBXBuildFile; fileRef = 427F5A052794997100415E07 /* NotificationView.swift */; };
		427F5A082794997100415E07 /* ComplicationController.swift in Sources */ = {isa = PBXBuildFile; fileRef = 427F5A072794997100415E07 /* ComplicationController.swift */; };
		427F5A0A2794997200415E07 /* Assets.xcassets in Resources */ = {isa = PBXBuildFile; fileRef = 427F5A092794997200415E07 /* Assets.xcassets */; };
		427F5A0D2794997200415E07 /* Preview Assets.xcassets in Resources */ = {isa = PBXBuildFile; fileRef = 427F5A0C2794997200415E07 /* Preview Assets.xcassets */; };
		427F5A192794997200415E07 /* GymAi_WatchKit_AppTests.swift in Sources */ = {isa = PBXBuildFile; fileRef = 427F5A182794997200415E07 /* GymAi_WatchKit_AppTests.swift */; };
		427F5A232794997200415E07 /* GymAi_WatchKit_AppUITests.swift in Sources */ = {isa = PBXBuildFile; fileRef = 427F5A222794997200415E07 /* GymAi_WatchKit_AppUITests.swift */; };
		427F5A252794997200415E07 /* GymAi_WatchKit_AppUITestsLaunchTests.swift in Sources */ = {isa = PBXBuildFile; fileRef = 427F5A242794997200415E07 /* GymAi_WatchKit_AppUITestsLaunchTests.swift */; };
		427F5A4127949EBC00415E07 /* SwiftSpeech in Frameworks */ = {isa = PBXBuildFile; productRef = 427F5A4027949EBC00415E07 /* SwiftSpeech */; };
		427F5A492794C21C00415E07 /* ProcessString.swift in Sources */ = {isa = PBXBuildFile; fileRef = 427F5A482794C21C00415E07 /* ProcessString.swift */; };
		42B90F32279C9DD600DE9D73 /* GoogleService-Info.plist in Resources */ = {isa = PBXBuildFile; fileRef = 42B90F31279C9DD600DE9D73 /* GoogleService-Info.plist */; };
		42B90F34279FA61600DE9D73 /* SwiftSpeech in Resources */ = {isa = PBXBuildFile; fileRef = 42B90F33279FA61600DE9D73 /* SwiftSpeech */; };
		B16EC90E2794F80000F35D53 /* GoogleSignIn in Frameworks */ = {isa = PBXBuildFile; productRef = B16EC90D2794F80000F35D53 /* GoogleSignIn */; };
		B16EC9172794FB2900F35D53 /* ContentView.swift in Sources */ = {isa = PBXBuildFile; fileRef = 427F59D02794996D00415E07 /* ContentView.swift */; };
		B16EC91A2794FB2900F35D53 /* ContentView.swift in Sources */ = {isa = PBXBuildFile; fileRef = 427F59D02794996D00415E07 /* ContentView.swift */; };
		B16EC91D2794FBBD00F35D53 /* GoogleSignInButton.swift in Sources */ = {isa = PBXBuildFile; fileRef = B16EC91C2794FBBD00F35D53 /* GoogleSignInButton.swift */; };
		B16EC91E2794FBBD00F35D53 /* GoogleSignInButton.swift in Sources */ = {isa = PBXBuildFile; fileRef = B16EC91C2794FBBD00F35D53 /* GoogleSignInButton.swift */; };
		B16EC91F2794FBBD00F35D53 /* GoogleSignInButton.swift in Sources */ = {isa = PBXBuildFile; fileRef = B16EC91C2794FBBD00F35D53 /* GoogleSignInButton.swift */; };
		B16EC9242794FBF200F35D53 /* LoginView.swift in Sources */ = {isa = PBXBuildFile; fileRef = B16EC9232794FBF200F35D53 /* LoginView.swift */; };
		B16EC9252794FBF200F35D53 /* LoginView.swift in Sources */ = {isa = PBXBuildFile; fileRef = B16EC9232794FBF200F35D53 /* LoginView.swift */; };
		B16EC9262794FBF200F35D53 /* LoginView.swift in Sources */ = {isa = PBXBuildFile; fileRef = B16EC9232794FBF200F35D53 /* LoginView.swift */; };
		B16EC92B2794FC8500F35D53 /* HomeView.swift in Sources */ = {isa = PBXBuildFile; fileRef = B16EC92A2794FC8500F35D53 /* HomeView.swift */; };
		B16EC92C2794FC8500F35D53 /* HomeView.swift in Sources */ = {isa = PBXBuildFile; fileRef = B16EC92A2794FC8500F35D53 /* HomeView.swift */; };
		B16EC92D2794FC8500F35D53 /* HomeView.swift in Sources */ = {isa = PBXBuildFile; fileRef = B16EC92A2794FC8500F35D53 /* HomeView.swift */; };
		B173BA8227950E6700179336 /* SessionStore.swift in Sources */ = {isa = PBXBuildFile; fileRef = B173BA8127950E6700179336 /* SessionStore.swift */; };
		B173BA842795126000179336 /* User.swift in Sources */ = {isa = PBXBuildFile; fileRef = B173BA832795126000179336 /* User.swift */; };
		B173BA8D279A880800179336 /* FirebaseAnalytics in Frameworks */ = {isa = PBXBuildFile; productRef = B173BA8C279A880800179336 /* FirebaseAnalytics */; };
		B173BA8F279A880800179336 /* FirebaseAnalyticsSwift-Beta in Frameworks */ = {isa = PBXBuildFile; productRef = B173BA8E279A880800179336 /* FirebaseAnalyticsSwift-Beta */; };
		B173BA91279A880800179336 /* FirebaseAuth in Frameworks */ = {isa = PBXBuildFile; productRef = B173BA90279A880800179336 /* FirebaseAuth */; };
		B173BA93279A880800179336 /* FirebaseDatabase in Frameworks */ = {isa = PBXBuildFile; productRef = B173BA92279A880800179336 /* FirebaseDatabase */; };
		B173BA95279A880800179336 /* FirebaseDatabaseSwift-Beta in Frameworks */ = {isa = PBXBuildFile; productRef = B173BA94279A880800179336 /* FirebaseDatabaseSwift-Beta */; };
		B173BA97279A880800179336 /* FirebaseFirestore in Frameworks */ = {isa = PBXBuildFile; productRef = B173BA96279A880800179336 /* FirebaseFirestore */; };
		B173BA99279A880800179336 /* FirebaseFirestoreSwift-Beta in Frameworks */ = {isa = PBXBuildFile; productRef = B173BA98279A880800179336 /* FirebaseFirestoreSwift-Beta */; };
/* End PBXBuildFile section */

/* Begin PBXContainerItemProxy section */
		427F59DC2794996F00415E07 /* PBXContainerItemProxy */ = {
			isa = PBXContainerItemProxy;
			containerPortal = 427F59C32794996C00415E07 /* Project object */;
			proxyType = 1;
			remoteGlobalIDString = 427F59CA2794996D00415E07;
			remoteInfo = GymAi;
		};
		427F59E62794996F00415E07 /* PBXContainerItemProxy */ = {
			isa = PBXContainerItemProxy;
			containerPortal = 427F59C32794996C00415E07 /* Project object */;
			proxyType = 1;
			remoteGlobalIDString = 427F59CA2794996D00415E07;
			remoteInfo = GymAi;
		};
		427F59F12794996F00415E07 /* PBXContainerItemProxy */ = {
			isa = PBXContainerItemProxy;
			containerPortal = 427F59C32794996C00415E07 /* Project object */;
			proxyType = 1;
			remoteGlobalIDString = 427F59EE2794996F00415E07;
			remoteInfo = "GymAi WatchKit App";
		};
		427F59FC2794997100415E07 /* PBXContainerItemProxy */ = {
			isa = PBXContainerItemProxy;
			containerPortal = 427F59C32794996C00415E07 /* Project object */;
			proxyType = 1;
			remoteGlobalIDString = 427F59F92794997100415E07;
			remoteInfo = "GymAi WatchKit Extension";
		};
		427F5A152794997200415E07 /* PBXContainerItemProxy */ = {
			isa = PBXContainerItemProxy;
			containerPortal = 427F59C32794996C00415E07 /* Project object */;
			proxyType = 1;
			remoteGlobalIDString = 427F59F92794997100415E07;
			remoteInfo = "GymAi WatchKit Extension";
		};
		427F5A1F2794997200415E07 /* PBXContainerItemProxy */ = {
			isa = PBXContainerItemProxy;
			containerPortal = 427F59C32794996C00415E07 /* Project object */;
			proxyType = 1;
			remoteGlobalIDString = 427F59EE2794996F00415E07;
			remoteInfo = "GymAi WatchKit App";
		};
/* End PBXContainerItemProxy section */

/* Begin PBXCopyFilesBuildPhase section */
		427F5A2B2794997200415E07 /* Embed App Extensions */ = {
			isa = PBXCopyFilesBuildPhase;
			buildActionMask = 2147483647;
			dstPath = "";
			dstSubfolderSpec = 13;
			files = (
				427F59FB2794997100415E07 /* GymAi WatchKit Extension.appex in Embed App Extensions */,
			);
			name = "Embed App Extensions";
			runOnlyForDeploymentPostprocessing = 0;
		};
		427F5A2F2794997200415E07 /* Embed Watch Content */ = {
			isa = PBXCopyFilesBuildPhase;
			buildActionMask = 2147483647;
			dstPath = "$(CONTENTS_FOLDER_PATH)/Watch";
			dstSubfolderSpec = 16;
			files = (
				427F59F02794996F00415E07 /* GymAi WatchKit App.app in Embed Watch Content */,
			);
			name = "Embed Watch Content";
			runOnlyForDeploymentPostprocessing = 0;
		};
/* End PBXCopyFilesBuildPhase section */

/* Begin PBXFileReference section */
		427AD9F8279FCFDB0052AD3E /* Roboto */ = {isa = PBXFileReference; lastKnownFileType = folder; name = Roboto; path = ../../../../../Downloads/Roboto; sourceTree = "<group>"; };
		427AD9FA279FCFE40052AD3E /* Nunito */ = {isa = PBXFileReference; lastKnownFileType = folder; name = Nunito; path = ../../../../../Downloads/Nunito; sourceTree = "<group>"; };
		427ADA0027ACA8680052AD3E /* RecordsView.swift */ = {isa = PBXFileReference; lastKnownFileType = sourcecode.swift; path = RecordsView.swift; sourceTree = "<group>"; };
		427ADA0227ACA9D60052AD3E /* ProfileView.swift */ = {isa = PBXFileReference; lastKnownFileType = sourcecode.swift; path = ProfileView.swift; sourceTree = "<group>"; };
		427ADA0427ADB09E0052AD3E /* ImagePicker.swift */ = {isa = PBXFileReference; lastKnownFileType = sourcecode.swift; path = ImagePicker.swift; sourceTree = "<group>"; };
		427F59CB2794996D00415E07 /* GymAi.app */ = {isa = PBXFileReference; explicitFileType = wrapper.application; includeInIndex = 0; path = GymAi.app; sourceTree = BUILT_PRODUCTS_DIR; };
		427F59CE2794996D00415E07 /* GymAiApp.swift */ = {isa = PBXFileReference; lastKnownFileType = sourcecode.swift; path = GymAiApp.swift; sourceTree = "<group>"; };
		427F59D02794996D00415E07 /* ContentView.swift */ = {isa = PBXFileReference; lastKnownFileType = sourcecode.swift; path = ContentView.swift; sourceTree = "<group>"; };
		427F59D22794996E00415E07 /* Assets.xcassets */ = {isa = PBXFileReference; lastKnownFileType = folder.assetcatalog; path = Assets.xcassets; sourceTree = "<group>"; };
		427F59D52794996E00415E07 /* Preview Assets.xcassets */ = {isa = PBXFileReference; lastKnownFileType = folder.assetcatalog; path = "Preview Assets.xcassets"; sourceTree = "<group>"; };
		427F59DB2794996F00415E07 /* GymAiTests.xctest */ = {isa = PBXFileReference; explicitFileType = wrapper.cfbundle; includeInIndex = 0; path = GymAiTests.xctest; sourceTree = BUILT_PRODUCTS_DIR; };
		427F59DF2794996F00415E07 /* GymAiTests.swift */ = {isa = PBXFileReference; lastKnownFileType = sourcecode.swift; path = GymAiTests.swift; sourceTree = "<group>"; };
		427F59E52794996F00415E07 /* GymAiUITests.xctest */ = {isa = PBXFileReference; explicitFileType = wrapper.cfbundle; includeInIndex = 0; path = GymAiUITests.xctest; sourceTree = BUILT_PRODUCTS_DIR; };
		427F59E92794996F00415E07 /* GymAiUITests.swift */ = {isa = PBXFileReference; lastKnownFileType = sourcecode.swift; path = GymAiUITests.swift; sourceTree = "<group>"; };
		427F59EB2794996F00415E07 /* GymAiUITestsLaunchTests.swift */ = {isa = PBXFileReference; lastKnownFileType = sourcecode.swift; path = GymAiUITestsLaunchTests.swift; sourceTree = "<group>"; };
		427F59EF2794996F00415E07 /* GymAi WatchKit App.app */ = {isa = PBXFileReference; explicitFileType = wrapper.application; includeInIndex = 0; path = "GymAi WatchKit App.app"; sourceTree = BUILT_PRODUCTS_DIR; };
		427F59F42794997000415E07 /* Assets.xcassets */ = {isa = PBXFileReference; lastKnownFileType = folder.assetcatalog; path = Assets.xcassets; sourceTree = "<group>"; };
		427F59FA2794997100415E07 /* GymAi WatchKit Extension.appex */ = {isa = PBXFileReference; explicitFileType = "wrapper.app-extension"; includeInIndex = 0; path = "GymAi WatchKit Extension.appex"; sourceTree = BUILT_PRODUCTS_DIR; };
		427F59FF2794997100415E07 /* GymAiApp.swift */ = {isa = PBXFileReference; lastKnownFileType = sourcecode.swift; path = GymAiApp.swift; sourceTree = "<group>"; };
		427F5A012794997100415E07 /* ContentView.swift */ = {isa = PBXFileReference; lastKnownFileType = sourcecode.swift; path = ContentView.swift; sourceTree = "<group>"; };
		427F5A032794997100415E07 /* NotificationController.swift */ = {isa = PBXFileReference; lastKnownFileType = sourcecode.swift; path = NotificationController.swift; sourceTree = "<group>"; };
		427F5A052794997100415E07 /* NotificationView.swift */ = {isa = PBXFileReference; lastKnownFileType = sourcecode.swift; path = NotificationView.swift; sourceTree = "<group>"; };
		427F5A072794997100415E07 /* ComplicationController.swift */ = {isa = PBXFileReference; lastKnownFileType = sourcecode.swift; path = ComplicationController.swift; sourceTree = "<group>"; };
		427F5A092794997200415E07 /* Assets.xcassets */ = {isa = PBXFileReference; lastKnownFileType = folder.assetcatalog; path = Assets.xcassets; sourceTree = "<group>"; };
		427F5A0C2794997200415E07 /* Preview Assets.xcassets */ = {isa = PBXFileReference; lastKnownFileType = folder.assetcatalog; path = "Preview Assets.xcassets"; sourceTree = "<group>"; };
		427F5A0E2794997200415E07 /* Info.plist */ = {isa = PBXFileReference; lastKnownFileType = text.plist.xml; path = Info.plist; sourceTree = "<group>"; };
		427F5A0F2794997200415E07 /* PushNotificationPayload.apns */ = {isa = PBXFileReference; lastKnownFileType = text; path = PushNotificationPayload.apns; sourceTree = "<group>"; };
		427F5A142794997200415E07 /* GymAi WatchKit AppTests.xctest */ = {isa = PBXFileReference; explicitFileType = wrapper.cfbundle; includeInIndex = 0; path = "GymAi WatchKit AppTests.xctest"; sourceTree = BUILT_PRODUCTS_DIR; };
		427F5A182794997200415E07 /* GymAi_WatchKit_AppTests.swift */ = {isa = PBXFileReference; lastKnownFileType = sourcecode.swift; path = GymAi_WatchKit_AppTests.swift; sourceTree = "<group>"; };
		427F5A1E2794997200415E07 /* GymAi WatchKit AppUITests.xctest */ = {isa = PBXFileReference; explicitFileType = wrapper.cfbundle; includeInIndex = 0; path = "GymAi WatchKit AppUITests.xctest"; sourceTree = BUILT_PRODUCTS_DIR; };
		427F5A222794997200415E07 /* GymAi_WatchKit_AppUITests.swift */ = {isa = PBXFileReference; lastKnownFileType = sourcecode.swift; path = GymAi_WatchKit_AppUITests.swift; sourceTree = "<group>"; };
		427F5A242794997200415E07 /* GymAi_WatchKit_AppUITestsLaunchTests.swift */ = {isa = PBXFileReference; lastKnownFileType = sourcecode.swift; path = GymAi_WatchKit_AppUITestsLaunchTests.swift; sourceTree = "<group>"; };
		427F5A482794C21C00415E07 /* ProcessString.swift */ = {isa = PBXFileReference; lastKnownFileType = sourcecode.swift; path = ProcessString.swift; sourceTree = "<group>"; };
		42B90F31279C9DD600DE9D73 /* GoogleService-Info.plist */ = {isa = PBXFileReference; fileEncoding = 4; lastKnownFileType = text.plist.xml; path = "GoogleService-Info.plist"; sourceTree = "<group>"; };
		42B90F33279FA61600DE9D73 /* SwiftSpeech */ = {isa = PBXFileReference; lastKnownFileType = wrapper; name = SwiftSpeech; path = ../../SwiftSpeech; sourceTree = "<group>"; };
		B16EC90A2794EA9800F35D53 /* GymAi.entitlements */ = {isa = PBXFileReference; lastKnownFileType = text.plist.entitlements; path = GymAi.entitlements; sourceTree = "<group>"; };
		B16EC90B2794EC6900F35D53 /* Info.plist */ = {isa = PBXFileReference; lastKnownFileType = text.plist; path = Info.plist; sourceTree = "<group>"; };
		B16EC91C2794FBBD00F35D53 /* GoogleSignInButton.swift */ = {isa = PBXFileReference; lastKnownFileType = sourcecode.swift; path = GoogleSignInButton.swift; sourceTree = "<group>"; };
		B16EC9232794FBF200F35D53 /* LoginView.swift */ = {isa = PBXFileReference; lastKnownFileType = sourcecode.swift; path = LoginView.swift; sourceTree = "<group>"; };
		B16EC92A2794FC8500F35D53 /* HomeView.swift */ = {isa = PBXFileReference; lastKnownFileType = sourcecode.swift; path = HomeView.swift; sourceTree = "<group>"; };
		B173BA8127950E6700179336 /* SessionStore.swift */ = {isa = PBXFileReference; lastKnownFileType = sourcecode.swift; path = SessionStore.swift; sourceTree = "<group>"; };
		B173BA832795126000179336 /* User.swift */ = {isa = PBXFileReference; lastKnownFileType = sourcecode.swift; path = User.swift; sourceTree = "<group>"; };
/* End PBXFileReference section */

/* Begin PBXFrameworksBuildPhase section */
		427F59C82794996D00415E07 /* Frameworks */ = {
			isa = PBXFrameworksBuildPhase;
			buildActionMask = 2147483647;
			files = (
				B173BA93279A880800179336 /* FirebaseDatabase in Frameworks */,
				427F5A4127949EBC00415E07 /* SwiftSpeech in Frameworks */,
				B173BA91279A880800179336 /* FirebaseAuth in Frameworks */,
				B16EC90E2794F80000F35D53 /* GoogleSignIn in Frameworks */,
				B173BA8F279A880800179336 /* FirebaseAnalyticsSwift-Beta in Frameworks */,
				B173BA97279A880800179336 /* FirebaseFirestore in Frameworks */,
				B173BA99279A880800179336 /* FirebaseFirestoreSwift-Beta in Frameworks */,
				B173BA95279A880800179336 /* FirebaseDatabaseSwift-Beta in Frameworks */,
				B173BA8D279A880800179336 /* FirebaseAnalytics in Frameworks */,
			);
			runOnlyForDeploymentPostprocessing = 0;
		};
		427F59D82794996F00415E07 /* Frameworks */ = {
			isa = PBXFrameworksBuildPhase;
			buildActionMask = 2147483647;
			files = (
			);
			runOnlyForDeploymentPostprocessing = 0;
		};
		427F59E22794996F00415E07 /* Frameworks */ = {
			isa = PBXFrameworksBuildPhase;
			buildActionMask = 2147483647;
			files = (
			);
			runOnlyForDeploymentPostprocessing = 0;
		};
		427F59F72794997100415E07 /* Frameworks */ = {
			isa = PBXFrameworksBuildPhase;
			buildActionMask = 2147483647;
			files = (
			);
			runOnlyForDeploymentPostprocessing = 0;
		};
		427F5A112794997200415E07 /* Frameworks */ = {
			isa = PBXFrameworksBuildPhase;
			buildActionMask = 2147483647;
			files = (
			);
			runOnlyForDeploymentPostprocessing = 0;
		};
		427F5A1B2794997200415E07 /* Frameworks */ = {
			isa = PBXFrameworksBuildPhase;
			buildActionMask = 2147483647;
			files = (
			);
			runOnlyForDeploymentPostprocessing = 0;
		};
/* End PBXFrameworksBuildPhase section */

/* Begin PBXGroup section */
		427AD9F7279FCFD10052AD3E /* Fonts */ = {
			isa = PBXGroup;
			children = (
				427AD9FA279FCFE40052AD3E /* Nunito */,
				427AD9F8279FCFDB0052AD3E /* Roboto */,
			);
			path = Fonts;
			sourceTree = "<group>";
		};
		427F59C22794996C00415E07 = {
			isa = PBXGroup;
			children = (
				427F59CD2794996D00415E07 /* GymAi */,
				427F59DE2794996F00415E07 /* GymAiTests */,
				427F59E82794996F00415E07 /* GymAiUITests */,
				427F59F32794996F00415E07 /* GymAi WatchKit App */,
				427F59FE2794997100415E07 /* GymAi WatchKit Extension */,
				427F5A172794997200415E07 /* GymAi WatchKit AppTests */,
				427F5A212794997200415E07 /* GymAi WatchKit AppUITests */,
				427F59CC2794996D00415E07 /* Products */,
			);
			sourceTree = "<group>";
		};
		427F59CC2794996D00415E07 /* Products */ = {
			isa = PBXGroup;
			children = (
				427F59CB2794996D00415E07 /* GymAi.app */,
				427F59DB2794996F00415E07 /* GymAiTests.xctest */,
				427F59E52794996F00415E07 /* GymAiUITests.xctest */,
				427F59EF2794996F00415E07 /* GymAi WatchKit App.app */,
				427F59FA2794997100415E07 /* GymAi WatchKit Extension.appex */,
				427F5A142794997200415E07 /* GymAi WatchKit AppTests.xctest */,
				427F5A1E2794997200415E07 /* GymAi WatchKit AppUITests.xctest */,
			);
			name = Products;
			sourceTree = "<group>";
		};
		427F59CD2794996D00415E07 /* GymAi */ = {
			isa = PBXGroup;
			children = (
				427AD9F7279FCFD10052AD3E /* Fonts */,
				42B90F31279C9DD600DE9D73 /* GoogleService-Info.plist */,
				B16EC9162794FB0B00F35D53 /* Views */,
				B16EC90B2794EC6900F35D53 /* Info.plist */,
				B16EC90A2794EA9800F35D53 /* GymAi.entitlements */,
				427F59CE2794996D00415E07 /* GymAiApp.swift */,
				427F5A482794C21C00415E07 /* ProcessString.swift */,
				427F59D22794996E00415E07 /* Assets.xcassets */,
				42B90F33279FA61600DE9D73 /* SwiftSpeech */,
				427F59D42794996E00415E07 /* Preview Content */,
			);
			path = GymAi;
			sourceTree = "<group>";
		};
		427F59D42794996E00415E07 /* Preview Content */ = {
			isa = PBXGroup;
			children = (
				427F59D52794996E00415E07 /* Preview Assets.xcassets */,
			);
			path = "Preview Content";
			sourceTree = "<group>";
		};
		427F59DE2794996F00415E07 /* GymAiTests */ = {
			isa = PBXGroup;
			children = (
				427F59DF2794996F00415E07 /* GymAiTests.swift */,
			);
			path = GymAiTests;
			sourceTree = "<group>";
		};
		427F59E82794996F00415E07 /* GymAiUITests */ = {
			isa = PBXGroup;
			children = (
				427F59E92794996F00415E07 /* GymAiUITests.swift */,
				427F59EB2794996F00415E07 /* GymAiUITestsLaunchTests.swift */,
			);
			path = GymAiUITests;
			sourceTree = "<group>";
		};
		427F59F32794996F00415E07 /* GymAi WatchKit App */ = {
			isa = PBXGroup;
			children = (
				427F59F42794997000415E07 /* Assets.xcassets */,
			);
			path = "GymAi WatchKit App";
			sourceTree = "<group>";
		};
		427F59FE2794997100415E07 /* GymAi WatchKit Extension */ = {
			isa = PBXGroup;
			children = (
				427F59FF2794997100415E07 /* GymAiApp.swift */,
				427F5A012794997100415E07 /* ContentView.swift */,
				427F5A032794997100415E07 /* NotificationController.swift */,
				427F5A052794997100415E07 /* NotificationView.swift */,
				427F5A072794997100415E07 /* ComplicationController.swift */,
				427F5A092794997200415E07 /* Assets.xcassets */,
				427F5A0E2794997200415E07 /* Info.plist */,
				427F5A0F2794997200415E07 /* PushNotificationPayload.apns */,
				427F5A0B2794997200415E07 /* Preview Content */,
			);
			path = "GymAi WatchKit Extension";
			sourceTree = "<group>";
		};
		427F5A0B2794997200415E07 /* Preview Content */ = {
			isa = PBXGroup;
			children = (
				427F5A0C2794997200415E07 /* Preview Assets.xcassets */,
			);
			path = "Preview Content";
			sourceTree = "<group>";
		};
		427F5A172794997200415E07 /* GymAi WatchKit AppTests */ = {
			isa = PBXGroup;
			children = (
				427F5A182794997200415E07 /* GymAi_WatchKit_AppTests.swift */,
			);
			path = "GymAi WatchKit AppTests";
			sourceTree = "<group>";
		};
		427F5A212794997200415E07 /* GymAi WatchKit AppUITests */ = {
			isa = PBXGroup;
			children = (
				427F5A222794997200415E07 /* GymAi_WatchKit_AppUITests.swift */,
				427F5A242794997200415E07 /* GymAi_WatchKit_AppUITestsLaunchTests.swift */,
			);
			path = "GymAi WatchKit AppUITests";
			sourceTree = "<group>";
		};
		B16EC9162794FB0B00F35D53 /* Views */ = {
			isa = PBXGroup;
			children = (
				427F59D02794996D00415E07 /* ContentView.swift */,
				B16EC91C2794FBBD00F35D53 /* GoogleSignInButton.swift */,
				B16EC9232794FBF200F35D53 /* LoginView.swift */,
				B16EC92A2794FC8500F35D53 /* HomeView.swift */,
				B173BA8127950E6700179336 /* SessionStore.swift */,
				B173BA832795126000179336 /* User.swift */,
				427ADA0027ACA8680052AD3E /* RecordsView.swift */,
				427ADA0227ACA9D60052AD3E /* ProfileView.swift */,
				427ADA0427ADB09E0052AD3E /* ImagePicker.swift */,
			);
			path = Views;
			sourceTree = "<group>";
		};
/* End PBXGroup section */

/* Begin PBXNativeTarget section */
		427F59CA2794996D00415E07 /* GymAi */ = {
			isa = PBXNativeTarget;
			buildConfigurationList = 427F5A302794997200415E07 /* Build configuration list for PBXNativeTarget "GymAi" */;
			buildPhases = (
				427F59C72794996D00415E07 /* Sources */,
				427F59C82794996D00415E07 /* Frameworks */,
				427F59C92794996D00415E07 /* Resources */,
				427F5A2F2794997200415E07 /* Embed Watch Content */,
			);
			buildRules = (
			);
			dependencies = (
				427F59F22794996F00415E07 /* PBXTargetDependency */,
			);
			name = GymAi;
			packageProductDependencies = (
				427F5A4027949EBC00415E07 /* SwiftSpeech */,
				B16EC90D2794F80000F35D53 /* GoogleSignIn */,
				B173BA8C279A880800179336 /* FirebaseAnalytics */,
				B173BA8E279A880800179336 /* FirebaseAnalyticsSwift-Beta */,
				B173BA90279A880800179336 /* FirebaseAuth */,
				B173BA92279A880800179336 /* FirebaseDatabase */,
				B173BA94279A880800179336 /* FirebaseDatabaseSwift-Beta */,
				B173BA96279A880800179336 /* FirebaseFirestore */,
				B173BA98279A880800179336 /* FirebaseFirestoreSwift-Beta */,
			);
			productName = GymAi;
			productReference = 427F59CB2794996D00415E07 /* GymAi.app */;
			productType = "com.apple.product-type.application";
		};
		427F59DA2794996F00415E07 /* GymAiTests */ = {
			isa = PBXNativeTarget;
			buildConfigurationList = 427F5A332794997200415E07 /* Build configuration list for PBXNativeTarget "GymAiTests" */;
			buildPhases = (
				427F59D72794996F00415E07 /* Sources */,
				427F59D82794996F00415E07 /* Frameworks */,
				427F59D92794996F00415E07 /* Resources */,
			);
			buildRules = (
			);
			dependencies = (
				427F59DD2794996F00415E07 /* PBXTargetDependency */,
			);
			name = GymAiTests;
			productName = GymAiTests;
			productReference = 427F59DB2794996F00415E07 /* GymAiTests.xctest */;
			productType = "com.apple.product-type.bundle.unit-test";
		};
		427F59E42794996F00415E07 /* GymAiUITests */ = {
			isa = PBXNativeTarget;
			buildConfigurationList = 427F5A362794997200415E07 /* Build configuration list for PBXNativeTarget "GymAiUITests" */;
			buildPhases = (
				427F59E12794996F00415E07 /* Sources */,
				427F59E22794996F00415E07 /* Frameworks */,
				427F59E32794996F00415E07 /* Resources */,
			);
			buildRules = (
			);
			dependencies = (
				427F59E72794996F00415E07 /* PBXTargetDependency */,
			);
			name = GymAiUITests;
			productName = GymAiUITests;
			productReference = 427F59E52794996F00415E07 /* GymAiUITests.xctest */;
			productType = "com.apple.product-type.bundle.ui-testing";
		};
		427F59EE2794996F00415E07 /* GymAi WatchKit App */ = {
			isa = PBXNativeTarget;
			buildConfigurationList = 427F5A2C2794997200415E07 /* Build configuration list for PBXNativeTarget "GymAi WatchKit App" */;
			buildPhases = (
				427F59ED2794996F00415E07 /* Resources */,
				427F5A2B2794997200415E07 /* Embed App Extensions */,
			);
			buildRules = (
			);
			dependencies = (
				427F59FD2794997100415E07 /* PBXTargetDependency */,
			);
			name = "GymAi WatchKit App";
			productName = "GymAi WatchKit App";
			productReference = 427F59EF2794996F00415E07 /* GymAi WatchKit App.app */;
			productType = "com.apple.product-type.application.watchapp2";
		};
		427F59F92794997100415E07 /* GymAi WatchKit Extension */ = {
			isa = PBXNativeTarget;
			buildConfigurationList = 427F5A282794997200415E07 /* Build configuration list for PBXNativeTarget "GymAi WatchKit Extension" */;
			buildPhases = (
				427F59F62794997100415E07 /* Sources */,
				427F59F72794997100415E07 /* Frameworks */,
				427F59F82794997100415E07 /* Resources */,
			);
			buildRules = (
			);
			dependencies = (
			);
			name = "GymAi WatchKit Extension";
			productName = "GymAi WatchKit Extension";
			productReference = 427F59FA2794997100415E07 /* GymAi WatchKit Extension.appex */;
			productType = "com.apple.product-type.watchkit2-extension";
		};
		427F5A132794997200415E07 /* GymAi WatchKit AppTests */ = {
			isa = PBXNativeTarget;
			buildConfigurationList = 427F5A392794997200415E07 /* Build configuration list for PBXNativeTarget "GymAi WatchKit AppTests" */;
			buildPhases = (
				427F5A102794997200415E07 /* Sources */,
				427F5A112794997200415E07 /* Frameworks */,
				427F5A122794997200415E07 /* Resources */,
			);
			buildRules = (
			);
			dependencies = (
				427F5A162794997200415E07 /* PBXTargetDependency */,
			);
			name = "GymAi WatchKit AppTests";
			productName = "GymAi WatchKit AppTests";
			productReference = 427F5A142794997200415E07 /* GymAi WatchKit AppTests.xctest */;
			productType = "com.apple.product-type.bundle.unit-test";
		};
		427F5A1D2794997200415E07 /* GymAi WatchKit AppUITests */ = {
			isa = PBXNativeTarget;
			buildConfigurationList = 427F5A3C2794997200415E07 /* Build configuration list for PBXNativeTarget "GymAi WatchKit AppUITests" */;
			buildPhases = (
				427F5A1A2794997200415E07 /* Sources */,
				427F5A1B2794997200415E07 /* Frameworks */,
				427F5A1C2794997200415E07 /* Resources */,
			);
			buildRules = (
			);
			dependencies = (
				427F5A202794997200415E07 /* PBXTargetDependency */,
			);
			name = "GymAi WatchKit AppUITests";
			productName = "GymAi WatchKit AppUITests";
			productReference = 427F5A1E2794997200415E07 /* GymAi WatchKit AppUITests.xctest */;
			productType = "com.apple.product-type.bundle.ui-testing";
		};
/* End PBXNativeTarget section */

/* Begin PBXProject section */
		427F59C32794996C00415E07 /* Project object */ = {
			isa = PBXProject;
			attributes = {
				BuildIndependentTargetsInParallel = 1;
				LastSwiftUpdateCheck = 1320;
				LastUpgradeCheck = 1320;
				TargetAttributes = {
					427F59CA2794996D00415E07 = {
						CreatedOnToolsVersion = 13.2.1;
					};
					427F59DA2794996F00415E07 = {
						CreatedOnToolsVersion = 13.2.1;
						TestTargetID = 427F59CA2794996D00415E07;
					};
					427F59E42794996F00415E07 = {
						CreatedOnToolsVersion = 13.2.1;
						TestTargetID = 427F59CA2794996D00415E07;
					};
					427F59EE2794996F00415E07 = {
						CreatedOnToolsVersion = 13.2.1;
					};
					427F59F92794997100415E07 = {
						CreatedOnToolsVersion = 13.2.1;
					};
					427F5A132794997200415E07 = {
						CreatedOnToolsVersion = 13.2.1;
						TestTargetID = 427F59F92794997100415E07;
					};
					427F5A1D2794997200415E07 = {
						CreatedOnToolsVersion = 13.2.1;
						TestTargetID = 427F59EE2794996F00415E07;
					};
				};
			};
			buildConfigurationList = 427F59C62794996C00415E07 /* Build configuration list for PBXProject "GymAi" */;
			compatibilityVersion = "Xcode 13.0";
			developmentRegion = en;
			hasScannedForEncodings = 0;
			knownRegions = (
				en,
				Base,
			);
			mainGroup = 427F59C22794996C00415E07;
			packageReferences = (
				427F5A3F27949EBC00415E07 /* XCRemoteSwiftPackageReference "SwiftSpeech" */,
				B16EC90C2794F80000F35D53 /* XCRemoteSwiftPackageReference "GoogleSignIn-iOS" */,
				B173BA8B279A880800179336 /* XCRemoteSwiftPackageReference "firebase-ios-sdk" */,
			);
			productRefGroup = 427F59CC2794996D00415E07 /* Products */;
			projectDirPath = "";
			projectRoot = "";
			targets = (
				427F59CA2794996D00415E07 /* GymAi */,
				427F59DA2794996F00415E07 /* GymAiTests */,
				427F59E42794996F00415E07 /* GymAiUITests */,
				427F59EE2794996F00415E07 /* GymAi WatchKit App */,
				427F59F92794997100415E07 /* GymAi WatchKit Extension */,
				427F5A132794997200415E07 /* GymAi WatchKit AppTests */,
				427F5A1D2794997200415E07 /* GymAi WatchKit AppUITests */,
			);
		};
/* End PBXProject section */

/* Begin PBXResourcesBuildPhase section */
		427F59C92794996D00415E07 /* Resources */ = {
			isa = PBXResourcesBuildPhase;
			buildActionMask = 2147483647;
			files = (
				427AD9F9279FCFDB0052AD3E /* Roboto in Resources */,
				427AD9FB279FCFE40052AD3E /* Nunito in Resources */,
				42B90F34279FA61600DE9D73 /* SwiftSpeech in Resources */,
				427F59D62794996E00415E07 /* Preview Assets.xcassets in Resources */,
				427F59D32794996E00415E07 /* Assets.xcassets in Resources */,
				42B90F32279C9DD600DE9D73 /* GoogleService-Info.plist in Resources */,
			);
			runOnlyForDeploymentPostprocessing = 0;
		};
		427F59D92794996F00415E07 /* Resources */ = {
			isa = PBXResourcesBuildPhase;
			buildActionMask = 2147483647;
			files = (
			);
			runOnlyForDeploymentPostprocessing = 0;
		};
		427F59E32794996F00415E07 /* Resources */ = {
			isa = PBXResourcesBuildPhase;
			buildActionMask = 2147483647;
			files = (
			);
			runOnlyForDeploymentPostprocessing = 0;
		};
		427F59ED2794996F00415E07 /* Resources */ = {
			isa = PBXResourcesBuildPhase;
			buildActionMask = 2147483647;
			files = (
				427F59F52794997000415E07 /* Assets.xcassets in Resources */,
			);
			runOnlyForDeploymentPostprocessing = 0;
		};
		427F59F82794997100415E07 /* Resources */ = {
			isa = PBXResourcesBuildPhase;
			buildActionMask = 2147483647;
			files = (
				427F5A0D2794997200415E07 /* Preview Assets.xcassets in Resources */,
				427F5A0A2794997200415E07 /* Assets.xcassets in Resources */,
			);
			runOnlyForDeploymentPostprocessing = 0;
		};
		427F5A122794997200415E07 /* Resources */ = {
			isa = PBXResourcesBuildPhase;
			buildActionMask = 2147483647;
			files = (
			);
			runOnlyForDeploymentPostprocessing = 0;
		};
		427F5A1C2794997200415E07 /* Resources */ = {
			isa = PBXResourcesBuildPhase;
			buildActionMask = 2147483647;
			files = (
			);
			runOnlyForDeploymentPostprocessing = 0;
		};
/* End PBXResourcesBuildPhase section */

/* Begin PBXSourcesBuildPhase section */
		427F59C72794996D00415E07 /* Sources */ = {
			isa = PBXSourcesBuildPhase;
			buildActionMask = 2147483647;
			files = (
				B16EC9242794FBF200F35D53 /* LoginView.swift in Sources */,
				B16EC92B2794FC8500F35D53 /* HomeView.swift in Sources */,
				427ADA0327ACA9D60052AD3E /* ProfileView.swift in Sources */,
				427F59D12794996D00415E07 /* ContentView.swift in Sources */,
				427ADA0127ACA8680052AD3E /* RecordsView.swift in Sources */,
				B16EC91D2794FBBD00F35D53 /* GoogleSignInButton.swift in Sources */,
				B173BA842795126000179336 /* User.swift in Sources */,
				427ADA0527ADB09E0052AD3E /* ImagePicker.swift in Sources */,
				427F59CF2794996D00415E07 /* GymAiApp.swift in Sources */,
				B173BA8227950E6700179336 /* SessionStore.swift in Sources */,
				427F5A492794C21C00415E07 /* ProcessString.swift in Sources */,
			);
			runOnlyForDeploymentPostprocessing = 0;
		};
		427F59D72794996F00415E07 /* Sources */ = {
			isa = PBXSourcesBuildPhase;
			buildActionMask = 2147483647;
			files = (
				B16EC91E2794FBBD00F35D53 /* GoogleSignInButton.swift in Sources */,
				427F59E02794996F00415E07 /* GymAiTests.swift in Sources */,
				B16EC92C2794FC8500F35D53 /* HomeView.swift in Sources */,
				B16EC9252794FBF200F35D53 /* LoginView.swift in Sources */,
				B16EC91A2794FB2900F35D53 /* ContentView.swift in Sources */,
			);
			runOnlyForDeploymentPostprocessing = 0;
		};
		427F59E12794996F00415E07 /* Sources */ = {
			isa = PBXSourcesBuildPhase;
			buildActionMask = 2147483647;
			files = (
				B16EC9262794FBF200F35D53 /* LoginView.swift in Sources */,
				B16EC92D2794FC8500F35D53 /* HomeView.swift in Sources */,
				427F59EC2794996F00415E07 /* GymAiUITestsLaunchTests.swift in Sources */,
				B16EC91F2794FBBD00F35D53 /* GoogleSignInButton.swift in Sources */,
				B16EC9172794FB2900F35D53 /* ContentView.swift in Sources */,
				427F59EA2794996F00415E07 /* GymAiUITests.swift in Sources */,
			);
			runOnlyForDeploymentPostprocessing = 0;
		};
		427F59F62794997100415E07 /* Sources */ = {
			isa = PBXSourcesBuildPhase;
			buildActionMask = 2147483647;
			files = (
				427F5A042794997100415E07 /* NotificationController.swift in Sources */,
				427F5A022794997100415E07 /* ContentView.swift in Sources */,
				427F5A082794997100415E07 /* ComplicationController.swift in Sources */,
				427F5A002794997100415E07 /* GymAiApp.swift in Sources */,
				427F5A062794997100415E07 /* NotificationView.swift in Sources */,
			);
			runOnlyForDeploymentPostprocessing = 0;
		};
		427F5A102794997200415E07 /* Sources */ = {
			isa = PBXSourcesBuildPhase;
			buildActionMask = 2147483647;
			files = (
				427F5A192794997200415E07 /* GymAi_WatchKit_AppTests.swift in Sources */,
			);
			runOnlyForDeploymentPostprocessing = 0;
		};
		427F5A1A2794997200415E07 /* Sources */ = {
			isa = PBXSourcesBuildPhase;
			buildActionMask = 2147483647;
			files = (
				427F5A232794997200415E07 /* GymAi_WatchKit_AppUITests.swift in Sources */,
				427F5A252794997200415E07 /* GymAi_WatchKit_AppUITestsLaunchTests.swift in Sources */,
			);
			runOnlyForDeploymentPostprocessing = 0;
		};
/* End PBXSourcesBuildPhase section */

/* Begin PBXTargetDependency section */
		427F59DD2794996F00415E07 /* PBXTargetDependency */ = {
			isa = PBXTargetDependency;
			target = 427F59CA2794996D00415E07 /* GymAi */;
			targetProxy = 427F59DC2794996F00415E07 /* PBXContainerItemProxy */;
		};
		427F59E72794996F00415E07 /* PBXTargetDependency */ = {
			isa = PBXTargetDependency;
			target = 427F59CA2794996D00415E07 /* GymAi */;
			targetProxy = 427F59E62794996F00415E07 /* PBXContainerItemProxy */;
		};
		427F59F22794996F00415E07 /* PBXTargetDependency */ = {
			isa = PBXTargetDependency;
			target = 427F59EE2794996F00415E07 /* GymAi WatchKit App */;
			targetProxy = 427F59F12794996F00415E07 /* PBXContainerItemProxy */;
		};
		427F59FD2794997100415E07 /* PBXTargetDependency */ = {
			isa = PBXTargetDependency;
			target = 427F59F92794997100415E07 /* GymAi WatchKit Extension */;
			targetProxy = 427F59FC2794997100415E07 /* PBXContainerItemProxy */;
		};
		427F5A162794997200415E07 /* PBXTargetDependency */ = {
			isa = PBXTargetDependency;
			target = 427F59F92794997100415E07 /* GymAi WatchKit Extension */;
			targetProxy = 427F5A152794997200415E07 /* PBXContainerItemProxy */;
		};
		427F5A202794997200415E07 /* PBXTargetDependency */ = {
			isa = PBXTargetDependency;
			target = 427F59EE2794996F00415E07 /* GymAi WatchKit App */;
			targetProxy = 427F5A1F2794997200415E07 /* PBXContainerItemProxy */;
		};
/* End PBXTargetDependency section */

/* Begin XCBuildConfiguration section */
		427F5A262794997200415E07 /* Debug */ = {
			isa = XCBuildConfiguration;
			buildSettings = {
				ALWAYS_SEARCH_USER_PATHS = NO;
				CLANG_ANALYZER_NONNULL = YES;
				CLANG_ANALYZER_NUMBER_OBJECT_CONVERSION = YES_AGGRESSIVE;
				CLANG_CXX_LANGUAGE_STANDARD = "gnu++17";
				CLANG_CXX_LIBRARY = "libc++";
				CLANG_ENABLE_MODULES = YES;
				CLANG_ENABLE_OBJC_ARC = YES;
				CLANG_ENABLE_OBJC_WEAK = YES;
				CLANG_WARN_BLOCK_CAPTURE_AUTORELEASING = YES;
				CLANG_WARN_BOOL_CONVERSION = YES;
				CLANG_WARN_COMMA = YES;
				CLANG_WARN_CONSTANT_CONVERSION = YES;
				CLANG_WARN_DEPRECATED_OBJC_IMPLEMENTATIONS = YES;
				CLANG_WARN_DIRECT_OBJC_ISA_USAGE = YES_ERROR;
				CLANG_WARN_DOCUMENTATION_COMMENTS = YES;
				CLANG_WARN_EMPTY_BODY = YES;
				CLANG_WARN_ENUM_CONVERSION = YES;
				CLANG_WARN_INFINITE_RECURSION = YES;
				CLANG_WARN_INT_CONVERSION = YES;
				CLANG_WARN_NON_LITERAL_NULL_CONVERSION = YES;
				CLANG_WARN_OBJC_IMPLICIT_RETAIN_SELF = YES;
				CLANG_WARN_OBJC_LITERAL_CONVERSION = YES;
				CLANG_WARN_OBJC_ROOT_CLASS = YES_ERROR;
				CLANG_WARN_QUOTED_INCLUDE_IN_FRAMEWORK_HEADER = YES;
				CLANG_WARN_RANGE_LOOP_ANALYSIS = YES;
				CLANG_WARN_STRICT_PROTOTYPES = YES;
				CLANG_WARN_SUSPICIOUS_MOVE = YES;
				CLANG_WARN_UNGUARDED_AVAILABILITY = YES_AGGRESSIVE;
				CLANG_WARN_UNREACHABLE_CODE = YES;
				CLANG_WARN__DUPLICATE_METHOD_MATCH = YES;
				COPY_PHASE_STRIP = NO;
				DEBUG_INFORMATION_FORMAT = dwarf;
				ENABLE_STRICT_OBJC_MSGSEND = YES;
				ENABLE_TESTABILITY = YES;
				GCC_C_LANGUAGE_STANDARD = gnu11;
				GCC_DYNAMIC_NO_PIC = NO;
				GCC_NO_COMMON_BLOCKS = YES;
				GCC_OPTIMIZATION_LEVEL = 0;
				GCC_PREPROCESSOR_DEFINITIONS = (
					"DEBUG=1",
					"$(inherited)",
				);
				GCC_WARN_64_TO_32_BIT_CONVERSION = YES;
				GCC_WARN_ABOUT_RETURN_TYPE = YES_ERROR;
				GCC_WARN_UNDECLARED_SELECTOR = YES;
				GCC_WARN_UNINITIALIZED_AUTOS = YES_AGGRESSIVE;
				GCC_WARN_UNUSED_FUNCTION = YES;
				GCC_WARN_UNUSED_VARIABLE = YES;
				IPHONEOS_DEPLOYMENT_TARGET = 15.1;
				MTL_ENABLE_DEBUG_INFO = INCLUDE_SOURCE;
				MTL_FAST_MATH = YES;
				ONLY_ACTIVE_ARCH = YES;
				SWIFT_ACTIVE_COMPILATION_CONDITIONS = DEBUG;
				SWIFT_OPTIMIZATION_LEVEL = "-Onone";
			};
			name = Debug;
		};
		427F5A272794997200415E07 /* Release */ = {
			isa = XCBuildConfiguration;
			buildSettings = {
				ALWAYS_SEARCH_USER_PATHS = NO;
				CLANG_ANALYZER_NONNULL = YES;
				CLANG_ANALYZER_NUMBER_OBJECT_CONVERSION = YES_AGGRESSIVE;
				CLANG_CXX_LANGUAGE_STANDARD = "gnu++17";
				CLANG_CXX_LIBRARY = "libc++";
				CLANG_ENABLE_MODULES = YES;
				CLANG_ENABLE_OBJC_ARC = YES;
				CLANG_ENABLE_OBJC_WEAK = YES;
				CLANG_WARN_BLOCK_CAPTURE_AUTORELEASING = YES;
				CLANG_WARN_BOOL_CONVERSION = YES;
				CLANG_WARN_COMMA = YES;
				CLANG_WARN_CONSTANT_CONVERSION = YES;
				CLANG_WARN_DEPRECATED_OBJC_IMPLEMENTATIONS = YES;
				CLANG_WARN_DIRECT_OBJC_ISA_USAGE = YES_ERROR;
				CLANG_WARN_DOCUMENTATION_COMMENTS = YES;
				CLANG_WARN_EMPTY_BODY = YES;
				CLANG_WARN_ENUM_CONVERSION = YES;
				CLANG_WARN_INFINITE_RECURSION = YES;
				CLANG_WARN_INT_CONVERSION = YES;
				CLANG_WARN_NON_LITERAL_NULL_CONVERSION = YES;
				CLANG_WARN_OBJC_IMPLICIT_RETAIN_SELF = YES;
				CLANG_WARN_OBJC_LITERAL_CONVERSION = YES;
				CLANG_WARN_OBJC_ROOT_CLASS = YES_ERROR;
				CLANG_WARN_QUOTED_INCLUDE_IN_FRAMEWORK_HEADER = YES;
				CLANG_WARN_RANGE_LOOP_ANALYSIS = YES;
				CLANG_WARN_STRICT_PROTOTYPES = YES;
				CLANG_WARN_SUSPICIOUS_MOVE = YES;
				CLANG_WARN_UNGUARDED_AVAILABILITY = YES_AGGRESSIVE;
				CLANG_WARN_UNREACHABLE_CODE = YES;
				CLANG_WARN__DUPLICATE_METHOD_MATCH = YES;
				COPY_PHASE_STRIP = NO;
				DEBUG_INFORMATION_FORMAT = "dwarf-with-dsym";
				ENABLE_NS_ASSERTIONS = NO;
				ENABLE_STRICT_OBJC_MSGSEND = YES;
				GCC_C_LANGUAGE_STANDARD = gnu11;
				GCC_NO_COMMON_BLOCKS = YES;
				GCC_WARN_64_TO_32_BIT_CONVERSION = YES;
				GCC_WARN_ABOUT_RETURN_TYPE = YES_ERROR;
				GCC_WARN_UNDECLARED_SELECTOR = YES;
				GCC_WARN_UNINITIALIZED_AUTOS = YES_AGGRESSIVE;
				GCC_WARN_UNUSED_FUNCTION = YES;
				GCC_WARN_UNUSED_VARIABLE = YES;
				IPHONEOS_DEPLOYMENT_TARGET = 15.1;
				MTL_ENABLE_DEBUG_INFO = NO;
				MTL_FAST_MATH = YES;
				SWIFT_COMPILATION_MODE = wholemodule;
				SWIFT_OPTIMIZATION_LEVEL = "-O";
			};
			name = Release;
		};
		427F5A292794997200415E07 /* Debug */ = {
			isa = XCBuildConfiguration;
			buildSettings = {
				ASSETCATALOG_COMPILER_COMPLICATION_NAME = Complication;
				CODE_SIGN_STYLE = Automatic;
				CURRENT_PROJECT_VERSION = 1;
				DEVELOPMENT_ASSET_PATHS = "\"GymAi WatchKit Extension/Preview Content\"";
				DEVELOPMENT_TEAM = N9VFVF3XG9;
				ENABLE_PREVIEWS = YES;
				GENERATE_INFOPLIST_FILE = YES;
				INFOPLIST_FILE = "GymAi WatchKit Extension/Info.plist";
				INFOPLIST_KEY_CFBundleDisplayName = "GymAi WatchKit Extension";
				INFOPLIST_KEY_CLKComplicationPrincipalClass = "$(PRODUCT_MODULE_NAME).ComplicationController";
				INFOPLIST_KEY_NSHumanReadableCopyright = "";
				INFOPLIST_KEY_WKRunsIndependentlyOfCompanionApp = YES;
				LD_RUNPATH_SEARCH_PATHS = (
					"$(inherited)",
					"@executable_path/Frameworks",
					"@executable_path/../../Frameworks",
				);
				MARKETING_VERSION = 1.0;
				NEW_SETTING = "";
				PRODUCT_BUNDLE_IDENTIFIER = Ani.GymAi.watchkitapp.watchkitextension;
				PRODUCT_NAME = "${TARGET_NAME}";
				SDKROOT = watchos;
				SKIP_INSTALL = YES;
				SWIFT_EMIT_LOC_STRINGS = YES;
				SWIFT_VERSION = 5.0;
				TARGETED_DEVICE_FAMILY = 4;
				WATCHOS_DEPLOYMENT_TARGET = 8.3;
			};
			name = Debug;
		};
		427F5A2A2794997200415E07 /* Release */ = {
			isa = XCBuildConfiguration;
			buildSettings = {
				ASSETCATALOG_COMPILER_COMPLICATION_NAME = Complication;
				CODE_SIGN_STYLE = Automatic;
				CURRENT_PROJECT_VERSION = 1;
				DEVELOPMENT_ASSET_PATHS = "\"GymAi WatchKit Extension/Preview Content\"";
				DEVELOPMENT_TEAM = N9VFVF3XG9;
				ENABLE_PREVIEWS = YES;
				GENERATE_INFOPLIST_FILE = YES;
				INFOPLIST_FILE = "GymAi WatchKit Extension/Info.plist";
				INFOPLIST_KEY_CFBundleDisplayName = "GymAi WatchKit Extension";
				INFOPLIST_KEY_CLKComplicationPrincipalClass = "$(PRODUCT_MODULE_NAME).ComplicationController";
				INFOPLIST_KEY_NSHumanReadableCopyright = "";
				INFOPLIST_KEY_WKRunsIndependentlyOfCompanionApp = YES;
				LD_RUNPATH_SEARCH_PATHS = (
					"$(inherited)",
					"@executable_path/Frameworks",
					"@executable_path/../../Frameworks",
				);
				MARKETING_VERSION = 1.0;
				NEW_SETTING = "";
				PRODUCT_BUNDLE_IDENTIFIER = Ani.GymAi.watchkitapp.watchkitextension;
				PRODUCT_NAME = "${TARGET_NAME}";
				SDKROOT = watchos;
				SKIP_INSTALL = YES;
				SWIFT_EMIT_LOC_STRINGS = YES;
				SWIFT_VERSION = 5.0;
				TARGETED_DEVICE_FAMILY = 4;
				VALIDATE_PRODUCT = YES;
				WATCHOS_DEPLOYMENT_TARGET = 8.3;
			};
			name = Release;
		};
		427F5A2D2794997200415E07 /* Debug */ = {
			isa = XCBuildConfiguration;
			buildSettings = {
				ALWAYS_EMBED_SWIFT_STANDARD_LIBRARIES = YES;
				ASSETCATALOG_COMPILER_APPICON_NAME = AppIcon;
				ASSETCATALOG_COMPILER_GLOBAL_ACCENT_COLOR_NAME = AccentColor;
				CODE_SIGN_STYLE = Automatic;
				CURRENT_PROJECT_VERSION = 1;
				DEVELOPMENT_TEAM = N9VFVF3XG9;
				GENERATE_INFOPLIST_FILE = YES;
				IBSC_MODULE = GymAi_WatchKit_Extension;
				INFOPLIST_KEY_CFBundleDisplayName = "GymAi WatchKit App";
				INFOPLIST_KEY_UISupportedInterfaceOrientations = "UIInterfaceOrientationPortrait UIInterfaceOrientationPortraitUpsideDown";
				INFOPLIST_KEY_WKCompanionAppBundleIdentifier = Ani.GymAi;
				MARKETING_VERSION = 1.0;
				PRODUCT_BUNDLE_IDENTIFIER = Ani.GymAi.watchkitapp;
				PRODUCT_NAME = "$(TARGET_NAME)";
				SDKROOT = watchos;
				SKIP_INSTALL = YES;
				SWIFT_EMIT_LOC_STRINGS = YES;
				SWIFT_VERSION = 5.0;
				TARGETED_DEVICE_FAMILY = 4;
				WATCHOS_DEPLOYMENT_TARGET = 8.3;
			};
			name = Debug;
		};
		427F5A2E2794997200415E07 /* Release */ = {
			isa = XCBuildConfiguration;
			buildSettings = {
				ALWAYS_EMBED_SWIFT_STANDARD_LIBRARIES = YES;
				ASSETCATALOG_COMPILER_APPICON_NAME = AppIcon;
				ASSETCATALOG_COMPILER_GLOBAL_ACCENT_COLOR_NAME = AccentColor;
				CODE_SIGN_STYLE = Automatic;
				CURRENT_PROJECT_VERSION = 1;
				DEVELOPMENT_TEAM = N9VFVF3XG9;
				GENERATE_INFOPLIST_FILE = YES;
				IBSC_MODULE = GymAi_WatchKit_Extension;
				INFOPLIST_KEY_CFBundleDisplayName = "GymAi WatchKit App";
				INFOPLIST_KEY_UISupportedInterfaceOrientations = "UIInterfaceOrientationPortrait UIInterfaceOrientationPortraitUpsideDown";
				INFOPLIST_KEY_WKCompanionAppBundleIdentifier = Ani.GymAi;
				MARKETING_VERSION = 1.0;
				PRODUCT_BUNDLE_IDENTIFIER = Ani.GymAi.watchkitapp;
				PRODUCT_NAME = "$(TARGET_NAME)";
				SDKROOT = watchos;
				SKIP_INSTALL = YES;
				SWIFT_EMIT_LOC_STRINGS = YES;
				SWIFT_VERSION = 5.0;
				TARGETED_DEVICE_FAMILY = 4;
				VALIDATE_PRODUCT = YES;
				WATCHOS_DEPLOYMENT_TARGET = 8.3;
			};
			name = Release;
		};
		427F5A312794997200415E07 /* Debug */ = {
			isa = XCBuildConfiguration;
			buildSettings = {
				ASSETCATALOG_COMPILER_APPICON_NAME = AppIcon;
				ASSETCATALOG_COMPILER_GLOBAL_ACCENT_COLOR_NAME = AccentColor;
				CODE_SIGN_ENTITLEMENTS = GymAi/GymAi.entitlements;
				CODE_SIGN_STYLE = Automatic;
				CURRENT_PROJECT_VERSION = 1;
				DEVELOPMENT_ASSET_PATHS = "\"GymAi/Preview Content\"";
				DEVELOPMENT_TEAM = N9VFVF3XG9;
				ENABLE_PREVIEWS = YES;
				GENERATE_INFOPLIST_FILE = YES;
				INFOPLIST_FILE = GymAi/Info.plist;
				INFOPLIST_KEY_NSCameraUsageDescription = "Upload Profile Picture";
				INFOPLIST_KEY_NSMicrophoneUsageDescription = "This app uses the micrpohone for speech recognition";
				INFOPLIST_KEY_NSSpeechRecognitionUsageDescription = "This app uses speech recognition to turn your speech to text";
				INFOPLIST_KEY_UIApplicationSceneManifest_Generation = YES;
				INFOPLIST_KEY_UIApplicationSupportsIndirectInputEvents = YES;
				INFOPLIST_KEY_UILaunchScreen_Generation = YES;
				INFOPLIST_KEY_UISupportedInterfaceOrientations_iPad = "UIInterfaceOrientationPortrait UIInterfaceOrientationPortraitUpsideDown UIInterfaceOrientationLandscapeLeft UIInterfaceOrientationLandscapeRight";
				INFOPLIST_KEY_UISupportedInterfaceOrientations_iPhone = "UIInterfaceOrientationPortrait UIInterfaceOrientationLandscapeLeft UIInterfaceOrientationLandscapeRight";
				IPHONEOS_DEPLOYMENT_TARGET = 15.1;
				LD_RUNPATH_SEARCH_PATHS = (
					"$(inherited)",
					"@executable_path/Frameworks",
				);
				MARKETING_VERSION = 1.0;
				PRODUCT_BUNDLE_IDENTIFIER = Ani.GymAi;
				PRODUCT_NAME = "$(TARGET_NAME)";
				SDKROOT = iphoneos;
				SWIFT_EMIT_LOC_STRINGS = YES;
				SWIFT_VERSION = 5.0;
				TARGETED_DEVICE_FAMILY = "1,2";
			};
			name = Debug;
		};
		427F5A322794997200415E07 /* Release */ = {
			isa = XCBuildConfiguration;
			buildSettings = {
				ASSETCATALOG_COMPILER_APPICON_NAME = AppIcon;
				ASSETCATALOG_COMPILER_GLOBAL_ACCENT_COLOR_NAME = AccentColor;
				CODE_SIGN_ENTITLEMENTS = GymAi/GymAi.entitlements;
				CODE_SIGN_STYLE = Automatic;
				CURRENT_PROJECT_VERSION = 1;
				DEVELOPMENT_ASSET_PATHS = "\"GymAi/Preview Content\"";
				DEVELOPMENT_TEAM = N9VFVF3XG9;
				ENABLE_PREVIEWS = YES;
				GENERATE_INFOPLIST_FILE = YES;
				INFOPLIST_FILE = GymAi/Info.plist;
				INFOPLIST_KEY_NSCameraUsageDescription = "Upload Profile Picture";
				INFOPLIST_KEY_NSMicrophoneUsageDescription = "This app uses the micrpohone for speech recognition";
				INFOPLIST_KEY_NSSpeechRecognitionUsageDescription = "This app uses speech recognition to turn your speech to text";
				INFOPLIST_KEY_UIApplicationSceneManifest_Generation = YES;
				INFOPLIST_KEY_UIApplicationSupportsIndirectInputEvents = YES;
				INFOPLIST_KEY_UILaunchScreen_Generation = YES;
				INFOPLIST_KEY_UISupportedInterfaceOrientations_iPad = "UIInterfaceOrientationPortrait UIInterfaceOrientationPortraitUpsideDown UIInterfaceOrientationLandscapeLeft UIInterfaceOrientationLandscapeRight";
				INFOPLIST_KEY_UISupportedInterfaceOrientations_iPhone = "UIInterfaceOrientationPortrait UIInterfaceOrientationLandscapeLeft UIInterfaceOrientationLandscapeRight";
				IPHONEOS_DEPLOYMENT_TARGET = 15.1;
				LD_RUNPATH_SEARCH_PATHS = (
					"$(inherited)",
					"@executable_path/Frameworks",
				);
				MARKETING_VERSION = 1.0;
				PRODUCT_BUNDLE_IDENTIFIER = Ani.GymAi;
				PRODUCT_NAME = "$(TARGET_NAME)";
				SDKROOT = iphoneos;
				SWIFT_EMIT_LOC_STRINGS = YES;
				SWIFT_VERSION = 5.0;
				TARGETED_DEVICE_FAMILY = "1,2";
				VALIDATE_PRODUCT = YES;
			};
			name = Release;
		};
		427F5A342794997200415E07 /* Debug */ = {
			isa = XCBuildConfiguration;
			buildSettings = {
				ALWAYS_EMBED_SWIFT_STANDARD_LIBRARIES = YES;
				BUNDLE_LOADER = "$(TEST_HOST)";
				CODE_SIGN_STYLE = Automatic;
				CURRENT_PROJECT_VERSION = 1;
				DEVELOPMENT_TEAM = N9VFVF3XG9;
				GENERATE_INFOPLIST_FILE = YES;
				IPHONEOS_DEPLOYMENT_TARGET = 15.2;
				MARKETING_VERSION = 1.0;
				PRODUCT_BUNDLE_IDENTIFIER = Ani.GymAiTests;
				PRODUCT_NAME = "$(TARGET_NAME)";
				SDKROOT = iphoneos;
				SWIFT_EMIT_LOC_STRINGS = NO;
				SWIFT_VERSION = 5.0;
				TARGETED_DEVICE_FAMILY = "1,2";
				TEST_HOST = "$(BUILT_PRODUCTS_DIR)/GymAi.app/GymAi";
			};
			name = Debug;
		};
		427F5A352794997200415E07 /* Release */ = {
			isa = XCBuildConfiguration;
			buildSettings = {
				ALWAYS_EMBED_SWIFT_STANDARD_LIBRARIES = YES;
				BUNDLE_LOADER = "$(TEST_HOST)";
				CODE_SIGN_STYLE = Automatic;
				CURRENT_PROJECT_VERSION = 1;
				DEVELOPMENT_TEAM = N9VFVF3XG9;
				GENERATE_INFOPLIST_FILE = YES;
				IPHONEOS_DEPLOYMENT_TARGET = 15.2;
				MARKETING_VERSION = 1.0;
				PRODUCT_BUNDLE_IDENTIFIER = Ani.GymAiTests;
				PRODUCT_NAME = "$(TARGET_NAME)";
				SDKROOT = iphoneos;
				SWIFT_EMIT_LOC_STRINGS = NO;
				SWIFT_VERSION = 5.0;
				TARGETED_DEVICE_FAMILY = "1,2";
				TEST_HOST = "$(BUILT_PRODUCTS_DIR)/GymAi.app/GymAi";
				VALIDATE_PRODUCT = YES;
			};
			name = Release;
		};
		427F5A372794997200415E07 /* Debug */ = {
			isa = XCBuildConfiguration;
			buildSettings = {
				ALWAYS_EMBED_SWIFT_STANDARD_LIBRARIES = YES;
				CODE_SIGN_STYLE = Automatic;
				CURRENT_PROJECT_VERSION = 1;
				DEVELOPMENT_TEAM = N9VFVF3XG9;
				GENERATE_INFOPLIST_FILE = YES;
				IPHONEOS_DEPLOYMENT_TARGET = 15.2;
				MARKETING_VERSION = 1.0;
				PRODUCT_BUNDLE_IDENTIFIER = Ani.GymAiUITests;
				PRODUCT_NAME = "$(TARGET_NAME)";
				SDKROOT = iphoneos;
				SWIFT_EMIT_LOC_STRINGS = NO;
				SWIFT_VERSION = 5.0;
				TARGETED_DEVICE_FAMILY = "1,2";
				TEST_TARGET_NAME = GymAi;
			};
			name = Debug;
		};
		427F5A382794997200415E07 /* Release */ = {
			isa = XCBuildConfiguration;
			buildSettings = {
				ALWAYS_EMBED_SWIFT_STANDARD_LIBRARIES = YES;
				CODE_SIGN_STYLE = Automatic;
				CURRENT_PROJECT_VERSION = 1;
				DEVELOPMENT_TEAM = N9VFVF3XG9;
				GENERATE_INFOPLIST_FILE = YES;
				IPHONEOS_DEPLOYMENT_TARGET = 15.2;
				MARKETING_VERSION = 1.0;
				PRODUCT_BUNDLE_IDENTIFIER = Ani.GymAiUITests;
				PRODUCT_NAME = "$(TARGET_NAME)";
				SDKROOT = iphoneos;
				SWIFT_EMIT_LOC_STRINGS = NO;
				SWIFT_VERSION = 5.0;
				TARGETED_DEVICE_FAMILY = "1,2";
				TEST_TARGET_NAME = GymAi;
				VALIDATE_PRODUCT = YES;
			};
			name = Release;
		};
		427F5A3A2794997200415E07 /* Debug */ = {
			isa = XCBuildConfiguration;
			buildSettings = {
				ALWAYS_EMBED_SWIFT_STANDARD_LIBRARIES = YES;
				BUNDLE_LOADER = "$(TEST_HOST)";
				CODE_SIGN_STYLE = Automatic;
				CURRENT_PROJECT_VERSION = 1;
				DEVELOPMENT_TEAM = N9VFVF3XG9;
				GENERATE_INFOPLIST_FILE = YES;
				MARKETING_VERSION = 1.0;
				PRODUCT_BUNDLE_IDENTIFIER = "Ani.GymAi-WatchKit-AppTests";
				PRODUCT_NAME = "$(TARGET_NAME)";
				SDKROOT = watchos;
				SWIFT_EMIT_LOC_STRINGS = NO;
				SWIFT_VERSION = 5.0;
				TARGETED_DEVICE_FAMILY = 4;
				TEST_HOST = "$(BUILT_PRODUCTS_DIR)/GymAi WatchKit Extension.appex/GymAi WatchKit Extension";
				WATCHOS_DEPLOYMENT_TARGET = 8.3;
			};
			name = Debug;
		};
		427F5A3B2794997200415E07 /* Release */ = {
			isa = XCBuildConfiguration;
			buildSettings = {
				ALWAYS_EMBED_SWIFT_STANDARD_LIBRARIES = YES;
				BUNDLE_LOADER = "$(TEST_HOST)";
				CODE_SIGN_STYLE = Automatic;
				CURRENT_PROJECT_VERSION = 1;
				DEVELOPMENT_TEAM = N9VFVF3XG9;
				GENERATE_INFOPLIST_FILE = YES;
				MARKETING_VERSION = 1.0;
				PRODUCT_BUNDLE_IDENTIFIER = "Ani.GymAi-WatchKit-AppTests";
				PRODUCT_NAME = "$(TARGET_NAME)";
				SDKROOT = watchos;
				SWIFT_EMIT_LOC_STRINGS = NO;
				SWIFT_VERSION = 5.0;
				TARGETED_DEVICE_FAMILY = 4;
				TEST_HOST = "$(BUILT_PRODUCTS_DIR)/GymAi WatchKit Extension.appex/GymAi WatchKit Extension";
				VALIDATE_PRODUCT = YES;
				WATCHOS_DEPLOYMENT_TARGET = 8.3;
			};
			name = Release;
		};
		427F5A3D2794997200415E07 /* Debug */ = {
			isa = XCBuildConfiguration;
			buildSettings = {
				CODE_SIGN_STYLE = Automatic;
				CURRENT_PROJECT_VERSION = 1;
				DEVELOPMENT_TEAM = N9VFVF3XG9;
				GENERATE_INFOPLIST_FILE = YES;
				MARKETING_VERSION = 1.0;
				PRODUCT_BUNDLE_IDENTIFIER = "Ani.GymAi-WatchKit-AppUITests";
				PRODUCT_NAME = "$(TARGET_NAME)";
				SDKROOT = watchos;
				SWIFT_EMIT_LOC_STRINGS = NO;
				SWIFT_VERSION = 5.0;
				TARGETED_DEVICE_FAMILY = 4;
				TEST_TARGET_NAME = "GymAi WatchKit App";
				WATCHOS_DEPLOYMENT_TARGET = 8.3;
			};
			name = Debug;
		};
		427F5A3E2794997200415E07 /* Release */ = {
			isa = XCBuildConfiguration;
			buildSettings = {
				CODE_SIGN_STYLE = Automatic;
				CURRENT_PROJECT_VERSION = 1;
				DEVELOPMENT_TEAM = N9VFVF3XG9;
				GENERATE_INFOPLIST_FILE = YES;
				MARKETING_VERSION = 1.0;
				PRODUCT_BUNDLE_IDENTIFIER = "Ani.GymAi-WatchKit-AppUITests";
				PRODUCT_NAME = "$(TARGET_NAME)";
				SDKROOT = watchos;
				SWIFT_EMIT_LOC_STRINGS = NO;
				SWIFT_VERSION = 5.0;
				TARGETED_DEVICE_FAMILY = 4;
				TEST_TARGET_NAME = "GymAi WatchKit App";
				VALIDATE_PRODUCT = YES;
				WATCHOS_DEPLOYMENT_TARGET = 8.3;
			};
			name = Release;
		};
/* End XCBuildConfiguration section */

/* Begin XCConfigurationList section */
		427F59C62794996C00415E07 /* Build configuration list for PBXProject "GymAi" */ = {
			isa = XCConfigurationList;
			buildConfigurations = (
				427F5A262794997200415E07 /* Debug */,
				427F5A272794997200415E07 /* Release */,
			);
			defaultConfigurationIsVisible = 0;
			defaultConfigurationName = Release;
		};
		427F5A282794997200415E07 /* Build configuration list for PBXNativeTarget "GymAi WatchKit Extension" */ = {
			isa = XCConfigurationList;
			buildConfigurations = (
				427F5A292794997200415E07 /* Debug */,
				427F5A2A2794997200415E07 /* Release */,
			);
			defaultConfigurationIsVisible = 0;
			defaultConfigurationName = Release;
		};
		427F5A2C2794997200415E07 /* Build configuration list for PBXNativeTarget "GymAi WatchKit App" */ = {
			isa = XCConfigurationList;
			buildConfigurations = (
				427F5A2D2794997200415E07 /* Debug */,
				427F5A2E2794997200415E07 /* Release */,
			);
			defaultConfigurationIsVisible = 0;
			defaultConfigurationName = Release;
		};
		427F5A302794997200415E07 /* Build configuration list for PBXNativeTarget "GymAi" */ = {
			isa = XCConfigurationList;
			buildConfigurations = (
				427F5A312794997200415E07 /* Debug */,
				427F5A322794997200415E07 /* Release */,
			);
			defaultConfigurationIsVisible = 0;
			defaultConfigurationName = Release;
		};
		427F5A332794997200415E07 /* Build configuration list for PBXNativeTarget "GymAiTests" */ = {
			isa = XCConfigurationList;
			buildConfigurations = (
				427F5A342794997200415E07 /* Debug */,
				427F5A352794997200415E07 /* Release */,
			);
			defaultConfigurationIsVisible = 0;
			defaultConfigurationName = Release;
		};
		427F5A362794997200415E07 /* Build configuration list for PBXNativeTarget "GymAiUITests" */ = {
			isa = XCConfigurationList;
			buildConfigurations = (
				427F5A372794997200415E07 /* Debug */,
				427F5A382794997200415E07 /* Release */,
			);
			defaultConfigurationIsVisible = 0;
			defaultConfigurationName = Release;
		};
		427F5A392794997200415E07 /* Build configuration list for PBXNativeTarget "GymAi WatchKit AppTests" */ = {
			isa = XCConfigurationList;
			buildConfigurations = (
				427F5A3A2794997200415E07 /* Debug */,
				427F5A3B2794997200415E07 /* Release */,
			);
			defaultConfigurationIsVisible = 0;
			defaultConfigurationName = Release;
		};
		427F5A3C2794997200415E07 /* Build configuration list for PBXNativeTarget "GymAi WatchKit AppUITests" */ = {
			isa = XCConfigurationList;
			buildConfigurations = (
				427F5A3D2794997200415E07 /* Debug */,
				427F5A3E2794997200415E07 /* Release */,
			);
			defaultConfigurationIsVisible = 0;
			defaultConfigurationName = Release;
		};
/* End XCConfigurationList section */

/* Begin XCRemoteSwiftPackageReference section */
		427F5A3F27949EBC00415E07 /* XCRemoteSwiftPackageReference "SwiftSpeech" */ = {
			isa = XCRemoteSwiftPackageReference;
			repositoryURL = "https://github.com/Cay-Zhang/SwiftSpeech";
			requirement = {
				branch = master;
				kind = branch;
			};
		};
		B16EC90C2794F80000F35D53 /* XCRemoteSwiftPackageReference "GoogleSignIn-iOS" */ = {
			isa = XCRemoteSwiftPackageReference;
			repositoryURL = "https://github.com/google/GoogleSignIn-iOS";
			requirement = {
				kind = upToNextMajorVersion;
				minimumVersion = 6.0.0;
			};
		};
		B173BA8B279A880800179336 /* XCRemoteSwiftPackageReference "firebase-ios-sdk" */ = {
			isa = XCRemoteSwiftPackageReference;
			repositoryURL = "https://github.com/firebase/firebase-ios-sdk";
			requirement = {
				branch = master;
				kind = branch;
			};
		};
/* End XCRemoteSwiftPackageReference section */

/* Begin XCSwiftPackageProductDependency section */
		427F5A4027949EBC00415E07 /* SwiftSpeech */ = {
			isa = XCSwiftPackageProductDependency;
			package = 427F5A3F27949EBC00415E07 /* XCRemoteSwiftPackageReference "SwiftSpeech" */;
			productName = SwiftSpeech;
		};
		B16EC90D2794F80000F35D53 /* GoogleSignIn */ = {
			isa = XCSwiftPackageProductDependency;
			package = B16EC90C2794F80000F35D53 /* XCRemoteSwiftPackageReference "GoogleSignIn-iOS" */;
			productName = GoogleSignIn;
		};
		B173BA8C279A880800179336 /* FirebaseAnalytics */ = {
			isa = XCSwiftPackageProductDependency;
			package = B173BA8B279A880800179336 /* XCRemoteSwiftPackageReference "firebase-ios-sdk" */;
			productName = FirebaseAnalytics;
		};
		B173BA8E279A880800179336 /* FirebaseAnalyticsSwift-Beta */ = {
			isa = XCSwiftPackageProductDependency;
			package = B173BA8B279A880800179336 /* XCRemoteSwiftPackageReference "firebase-ios-sdk" */;
			productName = "FirebaseAnalyticsSwift-Beta";
		};
		B173BA90279A880800179336 /* FirebaseAuth */ = {
			isa = XCSwiftPackageProductDependency;
			package = B173BA8B279A880800179336 /* XCRemoteSwiftPackageReference "firebase-ios-sdk" */;
			productName = FirebaseAuth;
		};
		B173BA92279A880800179336 /* FirebaseDatabase */ = {
			isa = XCSwiftPackageProductDependency;
			package = B173BA8B279A880800179336 /* XCRemoteSwiftPackageReference "firebase-ios-sdk" */;
			productName = FirebaseDatabase;
		};
		B173BA94279A880800179336 /* FirebaseDatabaseSwift-Beta */ = {
			isa = XCSwiftPackageProductDependency;
			package = B173BA8B279A880800179336 /* XCRemoteSwiftPackageReference "firebase-ios-sdk" */;
			productName = "FirebaseDatabaseSwift-Beta";
		};
		B173BA96279A880800179336 /* FirebaseFirestore */ = {
			isa = XCSwiftPackageProductDependency;
			package = B173BA8B279A880800179336 /* XCRemoteSwiftPackageReference "firebase-ios-sdk" */;
			productName = FirebaseFirestore;
		};
		B173BA98279A880800179336 /* FirebaseFirestoreSwift-Beta */ = {
			isa = XCSwiftPackageProductDependency;
			package = B173BA8B279A880800179336 /* XCRemoteSwiftPackageReference "firebase-ios-sdk" */;
			productName = "FirebaseFirestoreSwift-Beta";
		};
/* End XCSwiftPackageProductDependency section */
	};
	rootObject = 427F59C32794996C00415E07 /* Project object */;
}
